// !$*UTF8*$!
{
	archiveVersion = 1;
	classes = {
	};
	objectVersion = 56;
	objects = {

/* Begin PBXBuildFile section */
		E1000001001 /* YearViewApp.swift in Sources */ = {isa = PBXBuildFile; fileRef = E1000002001 /* YearViewApp.swift */; };
		E1000001002 /* ContentView.swift in Sources */ = {isa = PBXBuildFile; fileRef = E1000002002 /* ContentView.swift */; };
		E1000001003 /* Assets.xcassets in Resources */ = {isa = PBXBuildFile; fileRef = E1000002003 /* Assets.xcassets */; };
		E1000001010 /* CalendarEvent.swift in Sources */ = {isa = PBXBuildFile; fileRef = E1000002010 /* CalendarEvent.swift */; };
		E1000001011 /* CalendarSource.swift in Sources */ = {isa = PBXBuildFile; fileRef = E1000002011 /* CalendarSource.swift */; };
		E1000001012 /* CalendarSet.swift in Sources */ = {isa = PBXBuildFile; fileRef = E1000002012 /* CalendarSet.swift */; };
		E1000001013 /* AppSettings.swift in Sources */ = {isa = PBXBuildFile; fileRef = E1000002013 /* AppSettings.swift */; };
		E1000001020 /* CalendarViewModel.swift in Sources */ = {isa = PBXBuildFile; fileRef = E1000002020 /* CalendarViewModel.swift */; };
		E1000001021 /* YearViewModel.swift in Sources */ = {isa = PBXBuildFile; fileRef = E1000002021 /* YearViewModel.swift */; };
		E1000001022 /* DayViewModel.swift in Sources */ = {isa = PBXBuildFile; fileRef = E1000002022 /* DayViewModel.swift */; };
		E1000001030 /* YearView.swift in Sources */ = {isa = PBXBuildFile; fileRef = E1000002030 /* YearView.swift */; };
		E1000001031 /* MonthGridView.swift in Sources */ = {isa = PBXBuildFile; fileRef = E1000002031 /* MonthGridView.swift */; };
		E1000001032 /* DayCell.swift in Sources */ = {isa = PBXBuildFile; fileRef = E1000002032 /* DayCell.swift */; };
		E1000001033 /* DayDetailView.swift in Sources */ = {isa = PBXBuildFile; fileRef = E1000002033 /* DayDetailView.swift */; };
		E1000001034 /* EventRow.swift in Sources */ = {isa = PBXBuildFile; fileRef = E1000002034 /* EventRow.swift */; };
		E1000001035 /* CalendarSelectionView.swift in Sources */ = {isa = PBXBuildFile; fileRef = E1000002035 /* CalendarSelectionView.swift */; };
		E1000001036 /* YearPickerView.swift in Sources */ = {isa = PBXBuildFile; fileRef = E1000002036 /* YearPickerView.swift */; };
		E1000001037 /* SearchView.swift in Sources */ = {isa = PBXBuildFile; fileRef = E1000002037 /* SearchView.swift */; };
		E1000001038 /* SettingsView.swift in Sources */ = {isa = PBXBuildFile; fileRef = E1000002038 /* SettingsView.swift */; };
		E1000001040 /* StandardGridLayout.swift in Sources */ = {isa = PBXBuildFile; fileRef = E1000002040 /* StandardGridLayout.swift */; };
		E1000001041 /* ContinuousRowLayout.swift in Sources */ = {isa = PBXBuildFile; fileRef = E1000002041 /* ContinuousRowLayout.swift */; };
		E1000001042 /* VerticalListLayout.swift in Sources */ = {isa = PBXBuildFile; fileRef = E1000002042 /* VerticalListLayout.swift */; };
		E1000001043 /* BigYearLayout.swift in Sources */ = {isa = PBXBuildFile; fileRef = E1000002043 /* BigYearLayout.swift */; };
		E1000001044 /* YearMonthRowLayout.swift in Sources */ = {isa = PBXBuildFile; fileRef = E1000002044 /* YearMonthRowLayout.swift */; };
		E1000001050 /* EventKitService.swift in Sources */ = {isa = PBXBuildFile; fileRef = E1000002050 /* EventKitService.swift */; };
		E1000001051 /* GoogleCalendarService.swift in Sources */ = {isa = PBXBuildFile; fileRef = E1000002051 /* GoogleCalendarService.swift */; };
		E1000001052 /* CalendarDeepLinkService.swift in Sources */ = {isa = PBXBuildFile; fileRef = E1000002052 /* CalendarDeepLinkService.swift */; };
		E1000001053 /* CalendarCacheService.swift in Sources */ = {isa = PBXBuildFile; fileRef = E1000002053 /* CalendarCacheService.swift */; };
		E1000001060 /* DateUtilities.swift in Sources */ = {isa = PBXBuildFile; fileRef = E1000002060 /* DateUtilities.swift */; };
		E1000001061 /* ColorUtilities.swift in Sources */ = {isa = PBXBuildFile; fileRef = E1000002061 /* ColorUtilities.swift */; };
		E1000001062 /* HapticFeedback.swift in Sources */ = {isa = PBXBuildFile; fileRef = E1000002062 /* HapticFeedback.swift */; };
		E1000001070 /* MenuBarView.swift in Sources */ = {isa = PBXBuildFile; fileRef = E1000002070 /* MenuBarView.swift */; };
		E1000001071 /* MacCommands.swift in Sources */ = {isa = PBXBuildFile; fileRef = E1000002071 /* MacCommands.swift */; };
/* End PBXBuildFile section */

/* Begin PBXCopyFilesBuildPhase section */
		E100000B001 /* Embed Foundation Extensions */ = {
			isa = PBXCopyFilesBuildPhase;
			buildActionMask = 2147483647;
			dstPath = "";
			dstSubfolderSpec = 13;
			files = (
			);
			name = "Embed Foundation Extensions";
			runOnlyForDeploymentPostprocessing = 0;
		};
/* End PBXCopyFilesBuildPhase section */

/* Begin PBXFileReference section */
		E1000002001 /* YearViewApp.swift */ = {isa = PBXFileReference; lastKnownFileType = sourcecode.swift; path = YearViewApp.swift; sourceTree = "<group>"; };
		E1000002002 /* ContentView.swift */ = {isa = PBXFileReference; lastKnownFileType = sourcecode.swift; path = ContentView.swift; sourceTree = "<group>"; };
		E1000002003 /* Assets.xcassets */ = {isa = PBXFileReference; lastKnownFileType = folder.assetcatalog; path = Assets.xcassets; sourceTree = "<group>"; };
		E1000002004 /* YearView.app */ = {isa = PBXFileReference; explicitFileType = wrapper.application; includeInIndex = 0; path = YearView.app; sourceTree = BUILT_PRODUCTS_DIR; };
		E1000002005 /* YearView.entitlements */ = {isa = PBXFileReference; lastKnownFileType = text.plist.entitlements; path = YearView.entitlements; sourceTree = "<group>"; };
		E1000002006 /* Info.plist */ = {isa = PBXFileReference; lastKnownFileType = text.plist.xml; path = Info.plist; sourceTree = "<group>"; };
		E1000002010 /* CalendarEvent.swift */ = {isa = PBXFileReference; lastKnownFileType = sourcecode.swift; path = CalendarEvent.swift; sourceTree = "<group>"; };
		E1000002011 /* CalendarSource.swift */ = {isa = PBXFileReference; lastKnownFileType = sourcecode.swift; path = CalendarSource.swift; sourceTree = "<group>"; };
		E1000002012 /* CalendarSet.swift */ = {isa = PBXFileReference; lastKnownFileType = sourcecode.swift; path = CalendarSet.swift; sourceTree = "<group>"; };
		E1000002013 /* AppSettings.swift */ = {isa = PBXFileReference; lastKnownFileType = sourcecode.swift; path = AppSettings.swift; sourceTree = "<group>"; };
		E1000002020 /* CalendarViewModel.swift */ = {isa = PBXFileReference; lastKnownFileType = sourcecode.swift; path = CalendarViewModel.swift; sourceTree = "<group>"; };
		E1000002021 /* YearViewModel.swift */ = {isa = PBXFileReference; lastKnownFileType = sourcecode.swift; path = YearViewModel.swift; sourceTree = "<group>"; };
		E1000002022 /* DayViewModel.swift */ = {isa = PBXFileReference; lastKnownFileType = sourcecode.swift; path = DayViewModel.swift; sourceTree = "<group>"; };
		E1000002030 /* YearView.swift */ = {isa = PBXFileReference; lastKnownFileType = sourcecode.swift; path = YearView.swift; sourceTree = "<group>"; };
		E1000002031 /* MonthGridView.swift */ = {isa = PBXFileReference; lastKnownFileType = sourcecode.swift; path = MonthGridView.swift; sourceTree = "<group>"; };
		E1000002032 /* DayCell.swift */ = {isa = PBXFileReference; lastKnownFileType = sourcecode.swift; path = DayCell.swift; sourceTree = "<group>"; };
		E1000002033 /* DayDetailView.swift */ = {isa = PBXFileReference; lastKnownFileType = sourcecode.swift; path = DayDetailView.swift; sourceTree = "<group>"; };
		E1000002034 /* EventRow.swift */ = {isa = PBXFileReference; lastKnownFileType = sourcecode.swift; path = EventRow.swift; sourceTree = "<group>"; };
		E1000002035 /* CalendarSelectionView.swift */ = {isa = PBXFileReference; lastKnownFileType = sourcecode.swift; path = CalendarSelectionView.swift; sourceTree = "<group>"; };
		E1000002036 /* YearPickerView.swift */ = {isa = PBXFileReference; lastKnownFileType = sourcecode.swift; path = YearPickerView.swift; sourceTree = "<group>"; };
		E1000002037 /* SearchView.swift */ = {isa = PBXFileReference; lastKnownFileType = sourcecode.swift; path = SearchView.swift; sourceTree = "<group>"; };
		E1000002038 /* SettingsView.swift */ = {isa = PBXFileReference; lastKnownFileType = sourcecode.swift; path = SettingsView.swift; sourceTree = "<group>"; };
		E1000002040 /* StandardGridLayout.swift */ = {isa = PBXFileReference; lastKnownFileType = sourcecode.swift; path = StandardGridLayout.swift; sourceTree = "<group>"; };
		E1000002041 /* ContinuousRowLayout.swift */ = {isa = PBXFileReference; lastKnownFileType = sourcecode.swift; path = ContinuousRowLayout.swift; sourceTree = "<group>"; };
		E1000002042 /* VerticalListLayout.swift */ = {isa = PBXFileReference; lastKnownFileType = sourcecode.swift; path = VerticalListLayout.swift; sourceTree = "<group>"; };
		E1000002043 /* BigYearLayout.swift */ = {isa = PBXFileReference; lastKnownFileType = sourcecode.swift; path = BigYearLayout.swift; sourceTree = "<group>"; };
		E1000002044 /* YearMonthRowLayout.swift */ = {isa = PBXFileReference; lastKnownFileType = sourcecode.swift; path = YearMonthRowLayout.swift; sourceTree = "<group>"; };
		E1000002050 /* EventKitService.swift */ = {isa = PBXFileReference; lastKnownFileType = sourcecode.swift; path = EventKitService.swift; sourceTree = "<group>"; };
		E1000002051 /* GoogleCalendarService.swift */ = {isa = PBXFileReference; lastKnownFileType = sourcecode.swift; path = GoogleCalendarService.swift; sourceTree = "<group>"; };
		E1000002052 /* CalendarDeepLinkService.swift */ = {isa = PBXFileReference; lastKnownFileType = sourcecode.swift; path = CalendarDeepLinkService.swift; sourceTree = "<group>"; };
		E1000002053 /* CalendarCacheService.swift */ = {isa = PBXFileReference; lastKnownFileType = sourcecode.swift; path = CalendarCacheService.swift; sourceTree = "<group>"; };
		E1000002060 /* DateUtilities.swift */ = {isa = PBXFileReference; lastKnownFileType = sourcecode.swift; path = DateUtilities.swift; sourceTree = "<group>"; };
		E1000002061 /* ColorUtilities.swift */ = {isa = PBXFileReference; lastKnownFileType = sourcecode.swift; path = ColorUtilities.swift; sourceTree = "<group>"; };
		E1000002062 /* HapticFeedback.swift */ = {isa = PBXFileReference; lastKnownFileType = sourcecode.swift; path = HapticFeedback.swift; sourceTree = "<group>"; };
		E1000002070 /* MenuBarView.swift */ = {isa = PBXFileReference; lastKnownFileType = sourcecode.swift; path = MenuBarView.swift; sourceTree = "<group>"; };
		E1000002071 /* MacCommands.swift */ = {isa = PBXFileReference; lastKnownFileType = sourcecode.swift; path = MacCommands.swift; sourceTree = "<group>"; };
/* End PBXFileReference section */

/* Begin PBXFrameworksBuildPhase section */
		E1000006001 /* Frameworks */ = {
			isa = PBXFrameworksBuildPhase;
			buildActionMask = 2147483647;
			files = (
			);
			runOnlyForDeploymentPostprocessing = 0;
		};
/* End PBXFrameworksBuildPhase section */

/* Begin PBXGroup section */
		E1000007001 = {
			isa = PBXGroup;
			children = (
				E1000007002 /* YearView */,
				E1000007005 /* Products */,
			);
			sourceTree = "<group>";
		};
		E1000007002 /* YearView */ = {
			isa = PBXGroup;
			children = (
				E1000002001 /* YearViewApp.swift */,
				E1000002002 /* ContentView.swift */,
				E1000007010 /* Models */,
				E1000007011 /* ViewModels */,
				E1000007012 /* Views */,
				E1000007013 /* Services */,
				E1000007014 /* Utilities */,
				E1000007015 /* Platform */,
				E1000002003 /* Assets.xcassets */,
				E1000002005 /* YearView.entitlements */,
				E1000002006 /* Info.plist */,
			);
			path = YearView;
			sourceTree = "<group>";
		};
		E1000007005 /* Products */ = {
			isa = PBXGroup;
			children = (
				E1000002004 /* YearView.app */,
			);
			name = Products;
			sourceTree = "<group>";
		};
		E1000007010 /* Models */ = {
			isa = PBXGroup;
			children = (
				E1000002010 /* CalendarEvent.swift */,
				E1000002011 /* CalendarSource.swift */,
				E1000002012 /* CalendarSet.swift */,
				E1000002013 /* AppSettings.swift */,
			);
			path = Models;
			sourceTree = "<group>";
		};
		E1000007011 /* ViewModels */ = {
			isa = PBXGroup;
			children = (
				E1000002020 /* CalendarViewModel.swift */,
				E1000002021 /* YearViewModel.swift */,
				E1000002022 /* DayViewModel.swift */,
			);
			path = ViewModels;
			sourceTree = "<group>";
		};
		E1000007012 /* Views */ = {
			isa = PBXGroup;
			children = (
				E1000002030 /* YearView.swift */,
				E1000002031 /* MonthGridView.swift */,
				E1000002032 /* DayCell.swift */,
				E1000002033 /* DayDetailView.swift */,
				E1000002034 /* EventRow.swift */,
				E1000002035 /* CalendarSelectionView.swift */,
				E1000002036 /* YearPickerView.swift */,
				E1000002037 /* SearchView.swift */,
				E1000002038 /* SettingsView.swift */,
				E1000007016 /* Layouts */,
			);
			path = Views;
			sourceTree = "<group>";
		};
		E1000007013 /* Services */ = {
			isa = PBXGroup;
			children = (
				E1000002050 /* EventKitService.swift */,
				E1000002051 /* GoogleCalendarService.swift */,
				E1000002052 /* CalendarDeepLinkService.swift */,
				E1000002053 /* CalendarCacheService.swift */,
			);
			path = Services;
			sourceTree = "<group>";
		};
		E1000007014 /* Utilities */ = {
			isa = PBXGroup;
			children = (
				E1000002060 /* DateUtilities.swift */,
				E1000002061 /* ColorUtilities.swift */,
				E1000002062 /* HapticFeedback.swift */,
			);
			path = Utilities;
			sourceTree = "<group>";
		};
		E1000007015 /* Platform */ = {
			isa = PBXGroup;
			children = (
				E1000002070 /* MenuBarView.swift */,
				E1000002071 /* MacCommands.swift */,
			);
			path = Platform;
			sourceTree = "<group>";
		};
		E1000007016 /* Layouts */ = {
			isa = PBXGroup;
			children = (
				E1000002040 /* StandardGridLayout.swift */,
				E1000002041 /* ContinuousRowLayout.swift */,
				E1000002042 /* VerticalListLayout.swift */,
				E1000002043 /* BigYearLayout.swift */,
				E1000002044 /* YearMonthRowLayout.swift */,
			);
			path = Layouts;
			sourceTree = "<group>";
		};
/* End PBXGroup section */

/* Begin PBXNativeTarget section */
		E1000005001 /* YearView */ = {
			isa = PBXNativeTarget;
			buildConfigurationList = E1000008001 /* Build configuration list for PBXNativeTarget "YearView" */;
			buildPhases = (
				E1000009001 /* Sources */,
				E1000006001 /* Frameworks */,
				E100000A001 /* Resources */,
				E100000B001 /* Embed Foundation Extensions */,
			);
			buildRules = (
			);
			dependencies = (
			);
			name = YearView;
			productName = YearView;
			productReference = E1000002004 /* YearView.app */;
			productType = "com.apple.product-type.application";
		};
/* End PBXNativeTarget section */

/* Begin PBXProject section */
		E1000004001 /* Project object */ = {
			isa = PBXProject;
			attributes = {
				BuildIndependentTargetsInParallel = 1;
				LastSwiftUpdateCheck = 1500;
				LastUpgradeCheck = 2620;
				TargetAttributes = {
					E1000005001 = {
						CreatedOnToolsVersion = 15.0;
					};
				};
			};
			buildConfigurationList = E1000008000 /* Build configuration list for PBXProject "YearView" */;
			compatibilityVersion = "Xcode 14.0";
			developmentRegion = en;
			hasScannedForEncodings = 0;
			knownRegions = (
				en,
				Base,
			);
			mainGroup = E1000007001;
			productRefGroup = E1000007005 /* Products */;
			projectDirPath = "";
			projectRoot = "";
			targets = (
				E1000005001 /* YearView */,
			);
		};
/* End PBXProject section */

/* Begin PBXResourcesBuildPhase section */
		E100000A001 /* Resources */ = {
			isa = PBXResourcesBuildPhase;
			buildActionMask = 2147483647;
			files = (
				E1000001003 /* Assets.xcassets in Resources */,
			);
			runOnlyForDeploymentPostprocessing = 0;
		};
/* End PBXResourcesBuildPhase section */

/* Begin PBXSourcesBuildPhase section */
		E1000009001 /* Sources */ = {
			isa = PBXSourcesBuildPhase;
			buildActionMask = 2147483647;
			files = (
				E1000001001 /* YearViewApp.swift in Sources */,
				E1000001002 /* ContentView.swift in Sources */,
				E1000001010 /* CalendarEvent.swift in Sources */,
				E1000001011 /* CalendarSource.swift in Sources */,
				E1000001012 /* CalendarSet.swift in Sources */,
				E1000001013 /* AppSettings.swift in Sources */,
				E1000001020 /* CalendarViewModel.swift in Sources */,
				E1000001021 /* YearViewModel.swift in Sources */,
				E1000001022 /* DayViewModel.swift in Sources */,
				E1000001030 /* YearView.swift in Sources */,
				E1000001031 /* MonthGridView.swift in Sources */,
				E1000001032 /* DayCell.swift in Sources */,
				E1000001033 /* DayDetailView.swift in Sources */,
				E1000001034 /* EventRow.swift in Sources */,
				E1000001035 /* CalendarSelectionView.swift in Sources */,
				E1000001036 /* YearPickerView.swift in Sources */,
				E1000001037 /* SearchView.swift in Sources */,
				E1000001038 /* SettingsView.swift in Sources */,
				E1000001040 /* StandardGridLayout.swift in Sources */,
				E1000001041 /* ContinuousRowLayout.swift in Sources */,
				E1000001042 /* VerticalListLayout.swift in Sources */,
				E1000001043 /* BigYearLayout.swift in Sources */,
				E1000001044 /* YearMonthRowLayout.swift in Sources */,
				E1000001050 /* EventKitService.swift in Sources */,
				E1000001051 /* GoogleCalendarService.swift in Sources */,
				E1000001052 /* CalendarDeepLinkService.swift in Sources */,
				E1000001053 /* CalendarCacheService.swift in Sources */,
				E1000001060 /* DateUtilities.swift in Sources */,
				E1000001061 /* ColorUtilities.swift in Sources */,
				E1000001062 /* HapticFeedback.swift in Sources */,
				E1000001070 /* MenuBarView.swift in Sources */,
				E1000001071 /* MacCommands.swift in Sources */,
			);
			runOnlyForDeploymentPostprocessing = 0;
		};
/* End PBXSourcesBuildPhase section */

/* Begin XCBuildConfiguration section */
		E100000D001 /* Debug */ = {
			isa = XCBuildConfiguration;
			buildSettings = {
				ALWAYS_SEARCH_USER_PATHS = NO;
				ASSETCATALOG_COMPILER_GENERATE_SWIFT_ASSET_SYMBOL_EXTENSIONS = YES;
				CLANG_ANALYZER_NONNULL = YES;
				CLANG_ANALYZER_NUMBER_OBJECT_CONVERSION = YES_AGGRESSIVE;
				CLANG_CXX_LANGUAGE_STANDARD = "gnu++20";
				CLANG_ENABLE_MODULES = YES;
				CLANG_ENABLE_OBJC_ARC = YES;
				CLANG_ENABLE_OBJC_WEAK = YES;
				CLANG_WARN_BLOCK_CAPTURE_AUTORELEASING = YES;
				CLANG_WARN_BOOL_CONVERSION = YES;
				CLANG_WARN_COMMA = YES;
				CLANG_WARN_CONSTANT_CONVERSION = YES;
				CLANG_WARN_DEPRECATED_OBJC_IMPLEMENTATIONS = YES;
				CLANG_WARN_DIRECT_OBJC_ISA_USAGE = YES_ERROR;
				CLANG_WARN_DOCUMENTATION_COMMENTS = YES;
				CLANG_WARN_EMPTY_BODY = YES;
				CLANG_WARN_ENUM_CONVERSION = YES;
				CLANG_WARN_INFINITE_RECURSION = YES;
				CLANG_WARN_INT_CONVERSION = YES;
				CLANG_WARN_NON_LITERAL_NULL_CONVERSION = YES;
				CLANG_WARN_OBJC_IMPLICIT_RETAIN_SELF = YES;
				CLANG_WARN_OBJC_LITERAL_CONVERSION = YES;
				CLANG_WARN_OBJC_ROOT_CLASS = YES_ERROR;
				CLANG_WARN_QUOTED_INCLUDE_IN_FRAMEWORK_HEADER = YES;
				CLANG_WARN_RANGE_LOOP_ANALYSIS = YES;
				CLANG_WARN_STRICT_PROTOTYPES = YES;
				CLANG_WARN_SUSPICIOUS_MOVE = YES;
				CLANG_WARN_UNGUARDED_AVAILABILITY = YES_AGGRESSIVE;
				CLANG_WARN_UNREACHABLE_CODE = YES;
				CLANG_WARN__DUPLICATE_METHOD_MATCH = YES;
				COPY_PHASE_STRIP = NO;
				DEAD_CODE_STRIPPING = YES;
				DEBUG_INFORMATION_FORMAT = dwarf;
				ENABLE_STRICT_OBJC_MSGSEND = YES;
				ENABLE_TESTABILITY = YES;
				ENABLE_USER_SCRIPT_SANDBOXING = YES;
				GCC_C_LANGUAGE_STANDARD = gnu17;
				GCC_DYNAMIC_NO_PIC = NO;
				GCC_NO_COMMON_BLOCKS = YES;
				GCC_OPTIMIZATION_LEVEL = 0;
				GCC_PREPROCESSOR_DEFINITIONS = (
					"DEBUG=1",
					"$(inherited)",
				);
				GCC_WARN_64_TO_32_BIT_CONVERSION = YES;
				GCC_WARN_ABOUT_RETURN_TYPE = YES_ERROR;
				GCC_WARN_UNDECLARED_SELECTOR = YES;
				GCC_WARN_UNINITIALIZED_AUTOS = YES_AGGRESSIVE;
				GCC_WARN_UNUSED_FUNCTION = YES;
				GCC_WARN_UNUSED_VARIABLE = YES;
				LOCALIZATION_PREFERS_STRING_CATALOGS = YES;
				MTL_ENABLE_DEBUG_INFO = INCLUDE_SOURCE;
				MTL_FAST_MATH = YES;
				ONLY_ACTIVE_ARCH = YES;
				STRING_CATALOG_GENERATE_SYMBOLS = YES;
				SWIFT_ACTIVE_COMPILATION_CONDITIONS = "DEBUG $(inherited)";
				SWIFT_OPTIMIZATION_LEVEL = "-Onone";
			};
			name = Debug;
		};
		E100000D002 /* Release */ = {
			isa = XCBuildConfiguration;
			buildSettings = {
				ALWAYS_SEARCH_USER_PATHS = NO;
				ASSETCATALOG_COMPILER_GENERATE_SWIFT_ASSET_SYMBOL_EXTENSIONS = YES;
				CLANG_ANALYZER_NONNULL = YES;
				CLANG_ANALYZER_NUMBER_OBJECT_CONVERSION = YES_AGGRESSIVE;
				CLANG_CXX_LANGUAGE_STANDARD = "gnu++20";
				CLANG_ENABLE_MODULES = YES;
				CLANG_ENABLE_OBJC_ARC = YES;
				CLANG_ENABLE_OBJC_WEAK = YES;
				CLANG_WARN_BLOCK_CAPTURE_AUTORELEASING = YES;
				CLANG_WARN_BOOL_CONVERSION = YES;
				CLANG_WARN_COMMA = YES;
				CLANG_WARN_CONSTANT_CONVERSION = YES;
				CLANG_WARN_DEPRECATED_OBJC_IMPLEMENTATIONS = YES;
				CLANG_WARN_DIRECT_OBJC_ISA_USAGE = YES_ERROR;
				CLANG_WARN_DOCUMENTATION_COMMENTS = YES;
				CLANG_WARN_EMPTY_BODY = YES;
				CLANG_WARN_ENUM_CONVERSION = YES;
				CLANG_WARN_INFINITE_RECURSION = YES;
				CLANG_WARN_INT_CONVERSION = YES;
				CLANG_WARN_NON_LITERAL_NULL_CONVERSION = YES;
				CLANG_WARN_OBJC_IMPLICIT_RETAIN_SELF = YES;
				CLANG_WARN_OBJC_LITERAL_CONVERSION = YES;
				CLANG_WARN_OBJC_ROOT_CLASS = YES_ERROR;
				CLANG_WARN_QUOTED_INCLUDE_IN_FRAMEWORK_HEADER = YES;
				CLANG_WARN_RANGE_LOOP_ANALYSIS = YES;
				CLANG_WARN_STRICT_PROTOTYPES = YES;
				CLANG_WARN_SUSPICIOUS_MOVE = YES;
				CLANG_WARN_UNGUARDED_AVAILABILITY = YES_AGGRESSIVE;
				CLANG_WARN_UNREACHABLE_CODE = YES;
				CLANG_WARN__DUPLICATE_METHOD_MATCH = YES;
				COPY_PHASE_STRIP = NO;
				DEAD_CODE_STRIPPING = YES;
				DEBUG_INFORMATION_FORMAT = "dwarf-with-dsym";
				ENABLE_NS_ASSERTIONS = NO;
				ENABLE_STRICT_OBJC_MSGSEND = YES;
				ENABLE_USER_SCRIPT_SANDBOXING = YES;
				GCC_C_LANGUAGE_STANDARD = gnu17;
				GCC_NO_COMMON_BLOCKS = YES;
				GCC_WARN_64_TO_32_BIT_CONVERSION = YES;
				GCC_WARN_ABOUT_RETURN_TYPE = YES_ERROR;
				GCC_WARN_UNDECLARED_SELECTOR = YES;
				GCC_WARN_UNINITIALIZED_AUTOS = YES_AGGRESSIVE;
				GCC_WARN_UNUSED_FUNCTION = YES;
				GCC_WARN_UNUSED_VARIABLE = YES;
				LOCALIZATION_PREFERS_STRING_CATALOGS = YES;
				MTL_ENABLE_DEBUG_INFO = NO;
				MTL_FAST_MATH = YES;
				STRING_CATALOG_GENERATE_SYMBOLS = YES;
				SWIFT_COMPILATION_MODE = wholemodule;
			};
			name = Release;
		};
		E100000D003 /* Debug */ = {
			isa = XCBuildConfiguration;
			buildSettings = {
				ASSETCATALOG_COMPILER_APPICON_NAME = AppIcon;
				ASSETCATALOG_COMPILER_GLOBAL_ACCENT_COLOR_NAME = AccentColor;
				CODE_SIGN_ENTITLEMENTS = YearView/YearView.entitlements;
				CODE_SIGN_IDENTITY = "Apple Development";
				CODE_SIGN_STYLE = Automatic;
				CURRENT_PROJECT_VERSION = 1;
				DEAD_CODE_STRIPPING = YES;
				DEVELOPMENT_ASSET_PATHS = "";
				DEVELOPMENT_TEAM = R4RRG93J68;
				ENABLE_APP_SANDBOX = YES;
				ENABLE_HARDENED_RUNTIME = YES;
				ENABLE_OUTGOING_NETWORK_CONNECTIONS = YES;
				ENABLE_PREVIEWS = YES;
				ENABLE_RESOURCE_ACCESS_CALENDARS = YES;
				GENERATE_INFOPLIST_FILE = YES;
				INFOPLIST_FILE = YearView/Info.plist;
				INFOPLIST_KEY_CFBundleDisplayName = "Year View Cal";
				INFOPLIST_KEY_LSApplicationCategoryType = "public.app-category.productivity";
				INFOPLIST_KEY_NSCalendarsUsageDescription = "Year View needs access to your calendars to display your events.";
				"INFOPLIST_KEY_UIApplicationSceneManifest_Generation[sdk=iphoneos*]" = YES;
				"INFOPLIST_KEY_UIApplicationSceneManifest_Generation[sdk=iphonesimulator*]" = YES;
				INFOPLIST_KEY_UIApplicationSupportsIndirectInputEvents = YES;
				INFOPLIST_KEY_UILaunchScreen_Generation = YES;
				INFOPLIST_KEY_UISupportedInterfaceOrientations = "UIInterfaceOrientationLandscapeLeft UIInterfaceOrientationLandscapeRight UIInterfaceOrientationPortrait UIInterfaceOrientationPortraitUpsideDown";
				IPHONEOS_DEPLOYMENT_TARGET = 17.0;
				LD_RUNPATH_SEARCH_PATHS = "@executable_path/Frameworks";
				"LD_RUNPATH_SEARCH_PATHS[sdk=macosx*]" = "@executable_path/../Frameworks";
				MACOSX_DEPLOYMENT_TARGET = 14.0;
				MARKETING_VERSION = 1.0;
				PRODUCT_BUNDLE_IDENTIFIER = com.yearview.app;
				PRODUCT_NAME = "$(TARGET_NAME)";
				PROVISIONING_PROFILE_SPECIFIER = "";
				SDKROOT = auto;
				SUPPORTED_PLATFORMS = "iphoneos iphonesimulator macosx";
				SUPPORTS_MACCATALYST = NO;
				SWIFT_EMIT_LOC_STRINGS = YES;
				SWIFT_VERSION = 5.0;
				TARGETED_DEVICE_FAMILY = "1,2";
			};
			name = Debug;
		};
		E100000D004 /* Release */ = {
			isa = XCBuildConfiguration;
			buildSettings = {
				ASSETCATALOG_COMPILER_APPICON_NAME = AppIcon;
				ASSETCATALOG_COMPILER_GLOBAL_ACCENT_COLOR_NAME = AccentColor;
				CODE_SIGN_ENTITLEMENTS = YearView/YearView.entitlements;
				CODE_SIGN_IDENTITY = "Apple Development";
				CODE_SIGN_STYLE = Automatic;
				CURRENT_PROJECT_VERSION = 1;
				DEAD_CODE_STRIPPING = YES;
				DEVELOPMENT_ASSET_PATHS = "";
				DEVELOPMENT_TEAM = R4RRG93J68;
				ENABLE_APP_SANDBOX = YES;
				ENABLE_HARDENED_RUNTIME = YES;
				ENABLE_OUTGOING_NETWORK_CONNECTIONS = YES;
				ENABLE_PREVIEWS = YES;
				ENABLE_RESOURCE_ACCESS_CALENDARS = YES;
				GENERATE_INFOPLIST_FILE = YES;
				INFOPLIST_FILE = YearView/Info.plist;
				INFOPLIST_KEY_CFBundleDisplayName = "Year View Cal";
				INFOPLIST_KEY_LSApplicationCategoryType = "public.app-category.productivity";
				INFOPLIST_KEY_NSCalendarsUsageDescription = "Year View needs access to your calendars to display your events.";
				"INFOPLIST_KEY_UIApplicationSceneManifest_Generation[sdk=iphoneos*]" = YES;
				"INFOPLIST_KEY_UIApplicationSceneManifest_Generation[sdk=iphonesimulator*]" = YES;
				INFOPLIST_KEY_UIApplicationSupportsIndirectInputEvents = YES;
				INFOPLIST_KEY_UILaunchScreen_Generation = YES;
				INFOPLIST_KEY_UISupportedInterfaceOrientations = "UIInterfaceOrientationLandscapeLeft UIInterfaceOrientationLandscapeRight UIInterfaceOrientationPortrait UIInterfaceOrientationPortraitUpsideDown";
				IPHONEOS_DEPLOYMENT_TARGET = 17.0;
				LD_RUNPATH_SEARCH_PATHS = "@executable_path/Frameworks";
				"LD_RUNPATH_SEARCH_PATHS[sdk=macosx*]" = "@executable_path/../Frameworks";
				MACOSX_DEPLOYMENT_TARGET = 14.0;
				MARKETING_VERSION = 1.0;
				PRODUCT_BUNDLE_IDENTIFIER = com.yearview.app;
				PRODUCT_NAME = "$(TARGET_NAME)";
				PROVISIONING_PROFILE_SPECIFIER = "";
				SDKROOT = auto;
				SUPPORTED_PLATFORMS = "iphoneos iphonesimulator macosx";
				SUPPORTS_MACCATALYST = NO;
				SWIFT_EMIT_LOC_STRINGS = YES;
				SWIFT_VERSION = 5.0;
				TARGETED_DEVICE_FAMILY = "1,2";
			};
			name = Release;
		};
/* End XCBuildConfiguration section */

/* Begin XCConfigurationList section */
		E1000008000 /* Build configuration list for PBXProject "YearView" */ = {
			isa = XCConfigurationList;
			buildConfigurations = (
				E100000D001 /* Debug */,
				E100000D002 /* Release */,
			);
			defaultConfigurationIsVisible = 0;
			defaultConfigurationName = Release;
		};
		E1000008001 /* Build configuration list for PBXNativeTarget "YearView" */ = {
			isa = XCConfigurationList;
			buildConfigurations = (
				E100000D003 /* Debug */,
				E100000D004 /* Release */,
			);
			defaultConfigurationIsVisible = 0;
			defaultConfigurationName = Release;
		};
/* End XCConfigurationList section */
	};
	rootObject = E1000004001 /* Project object */;
}
